
Microsoft Visual Studio Solution File, Format Version 12.00
# Visual Studio 15
VisualStudioVersion = 15.0.28307.329
MinimumVisualStudioVersion = 10.0.40219.1
Project("{FAE04EC0-301F-11D3-BF4B-00C04F79EFBC}") = "HttpWeb", "HttpWeb\HttpWeb.csproj", "{582CFDA6-0717-400B-9BE0-A14AD89DA04F}"
EndProject
Global
	GlobalSection(SolutionConfigurationPlatforms) = preSolution
		Debug|Any CPU = Debug|Any CPU
		Release|Any CPU = Release|Any CPU
	EndGlobalSection
	GlobalSection(ProjectConfigurationPlatforms) = postSolution
		{582CFDA6-0717-400B-9BE0-A14AD89DA04F}.Debug|Any CPU.ActiveCfg = Debug|Any CPU
		{582CFDA6-0717-400B-9BE0-A14AD89DA04F}.Debug|Any CPU.Build.0 = Debug|Any CPU
		{582CFDA6-0717-400B-9BE0-A14AD89DA04F}.Release|Any CPU.ActiveCfg = Release|Any CPU
		{582CFDA6-0717-400B-9BE0-A14AD89DA04F}.Release|Any CPU.Build.0 = Release|Any CPU
	EndGlobalSection
	GlobalSection(SolutionProperties) = preSolution
		HideSolutionNode = FALSE
	EndGlobalSection
	GlobalSection(ExtensibilityGlobals) = postSolution
		SolutionGuid = {842DE6FF-B975-402C-A560-9E53E776528D}
	EndGlobalSection
EndGlobal
